<Solution>
  <Configurations>
    <Platform Name="Any CPU" />
    <Platform Name="x64" />
    <Platform Name="x86" />
  </Configurations>
  <Project Path="Base58Encoding.Benchmarks/Base58Encoding.Benchmarks.csproj" />
  <Project Path="Base58Encoding.Tests/Base58Encoding.Tests.csproj" />
  <Project Path="Base58Encoding/Base58Encoding.csproj" />
</Solution>
